
Microsoft Visual Studio Solution File, Format Version 9.00
# Visual Studio 2005
Project("{8BC9CEB8-8B4A-11D0-8D11-00A0C91BC942}") = "hmpvideo", "hmpvideo.vcproj", "{CCFA6C63-84C1-4D5F-85A5-4D6202E1DC59}"
EndProject
Project("{8BC9CEB8-8B4A-11D0-8D11-00A0C91BC942}") = "sipvideo", "sipvideo\sipvideo.vcproj", "{0C2708BB-1F0A-4F77-817A-70FB721E2623}"
EndProject
Global
	GlobalSection(SolutionConfigurationPlatforms) = preSolution
		Debug|Win32 = Debug|Win32
		Release|Win32 = Release|Win32
	EndGlobalSection
	GlobalSection(ProjectConfigurationPlatforms) = postSolution
		{CCFA6C63-84C1-4D5F-85A5-4D6202E1DC59}.Debug|Win32.ActiveCfg = Debug|Win32
		{CCFA6C63-84C1-4D5F-85A5-4D6202E1DC59}.Debug|Win32.Build.0 = Debug|Win32
		{CCFA6C63-84C1-4D5F-85A5-4D6202E1DC59}.Release|Win32.ActiveCfg = Release|Win32
		{CCFA6C63-84C1-4D5F-85A5-4D6202E1DC59}.Release|Win32.Build.0 = Release|Win32
		{0C2708BB-1F0A-4F77-817A-70FB721E2623}.Debug|Win32.ActiveCfg = Debug|Win32
		{0C2708BB-1F0A-4F77-817A-70FB721E2623}.Debug|Win32.Build.0 = Debug|Win32
		{0C2708BB-1F0A-4F77-817A-70FB721E2623}.Release|Win32.ActiveCfg = Release|Win32
		{0C2708BB-1F0A-4F77-817A-70FB721E2623}.Release|Win32.Build.0 = Release|Win32
	EndGlobalSection
	GlobalSection(SolutionProperties) = preSolution
		HideSolutionNode = FALSE
	EndGlobalSection
EndGlobal
