
Microsoft Visual Studio Solution File, Format Version 9.00
# Visual Studio 2005
Project("{8BC9CEB8-8B4A-11D0-8D11-00A0C91BC942}") = "resip.t38", "resip.t38\resip.t38.vcproj", "{5F59EB90-EE7D-45B1-A569-69AED9E5EBEC}"
EndProject
Global
	GlobalSection(SolutionConfigurationPlatforms) = preSolution
		Debug|Win32 = Debug|Win32
		Release|Win32 = Release|Win32
	EndGlobalSection
	GlobalSection(ProjectConfigurationPlatforms) = postSolution
		{5F59EB90-EE7D-45B1-A569-69AED9E5EBEC}.Debug|Win32.ActiveCfg = Debug|Win32
		{5F59EB90-EE7D-45B1-A569-69AED9E5EBEC}.Debug|Win32.Build.0 = Debug|Win32
		{5F59EB90-EE7D-45B1-A569-69AED9E5EBEC}.Release|Win32.ActiveCfg = Release|Win32
		{5F59EB90-EE7D-45B1-A569-69AED9E5EBEC}.Release|Win32.Build.0 = Release|Win32
	EndGlobalSection
	GlobalSection(SolutionProperties) = preSolution
		HideSolutionNode = FALSE
	EndGlobalSection
EndGlobal
